lockfileVersion: '9.0'

settings:
  autoInstallPeers: true
  excludeLinksFromLockfile: false

importers:

  .:
    devDependencies:
      '@biomejs/biome':
        specifier: ^1.9.4
        version: 1.9.4
      lefthook:
        specifier: ^1.9.0
        version: 1.9.0
      sort-package-json:
        specifier: ^2.12.0
        version: 2.12.0

packages:

  '@biomejs/biome@1.9.4':
    resolution: {integrity: sha512-1rkd7G70+o9KkTn5KLmDYXihGoTaIGO9PIIN2ZB7UJxFrWw04CZHPYiMRjYsaDvVV7hP1dYNRLxSANLaBFGpog==}
    engines: {node: '>=14.21.3'}
    hasBin: true

  '@biomejs/cli-darwin-arm64@1.9.4':
    resolution: {integrity: sha512-bFBsPWrNvkdKrNCYeAp+xo2HecOGPAy9WyNyB/jKnnedgzl4W4Hb9ZMzYNbf8dMCGmUdSavlYHiR01QaYR58cw==}
    engines: {node: '>=14.21.3'}
    cpu: [arm64]
    os: [darwin]

  '@biomejs/cli-darwin-x64@1.9.4':
    resolution: {integrity: sha512-ngYBh/+bEedqkSevPVhLP4QfVPCpb+4BBe2p7Xs32dBgs7rh9nY2AIYUL6BgLw1JVXV8GlpKmb/hNiuIxfPfZg==}
    engines: {node: '>=14.21.3'}
    cpu: [x64]
    os: [darwin]

  '@biomejs/cli-linux-arm64-musl@1.9.4':
    resolution: {integrity: sha512-v665Ct9WCRjGa8+kTr0CzApU0+XXtRgwmzIf1SeKSGAv+2scAlW6JR5PMFo6FzqqZ64Po79cKODKf3/AAmECqA==}
    engines: {node: '>=14.21.3'}
    cpu: [arm64]
    os: [linux]

  '@biomejs/cli-linux-arm64@1.9.4':
    resolution: {integrity: sha512-fJIW0+LYujdjUgJJuwesP4EjIBl/N/TcOX3IvIHJQNsAqvV2CHIogsmA94BPG6jZATS4Hi+xv4SkBBQSt1N4/g==}
    engines: {node: '>=14.21.3'}
    cpu: [arm64]
    os: [linux]

  '@biomejs/cli-linux-x64-musl@1.9.4':
    resolution: {integrity: sha512-gEhi/jSBhZ2m6wjV530Yy8+fNqG8PAinM3oV7CyO+6c3CEh16Eizm21uHVsyVBEB6RIM8JHIl6AGYCv6Q6Q9Tg==}
    engines: {node: '>=14.21.3'}
    cpu: [x64]
    os: [linux]

  '@biomejs/cli-linux-x64@1.9.4':
    resolution: {integrity: sha512-lRCJv/Vi3Vlwmbd6K+oQ0KhLHMAysN8lXoCI7XeHlxaajk06u7G+UsFSO01NAs5iYuWKmVZjmiOzJ0OJmGsMwg==}
    engines: {node: '>=14.21.3'}
    cpu: [x64]
    os: [linux]

  '@biomejs/cli-win32-arm64@1.9.4':
    resolution: {integrity: sha512-tlbhLk+WXZmgwoIKwHIHEBZUwxml7bRJgk0X2sPyNR3S93cdRq6XulAZRQJ17FYGGzWne0fgrXBKpl7l4M87Hg==}
    engines: {node: '>=14.21.3'}
    cpu: [arm64]
    os: [win32]

  '@biomejs/cli-win32-x64@1.9.4':
    resolution: {integrity: sha512-8Y5wMhVIPaWe6jw2H+KlEm4wP/f7EW3810ZLmDlrEEy5KvBsb9ECEfu/kMWD484ijfQ8+nIi0giMgu9g1UAuuA==}
    engines: {node: '>=14.21.3'}
    cpu: [x64]
    os: [win32]

  detect-indent@7.0.1:
    resolution: {integrity: sha512-Mc7QhQ8s+cLrnUfU/Ji94vG/r8M26m8f++vyres4ZoojaRDpZ1eSIh/EpzLNwlWuvzSZ3UbDFspjFvTDXe6e/g==}
    engines: {node: '>=12.20'}

  detect-newline@4.0.1:
    resolution: {integrity: sha512-qE3Veg1YXzGHQhlA6jzebZN2qVf6NX+A7m7qlhCGG30dJixrAQhYOsJjsnBjJkCSmuOPpCk30145fr8FV0bzog==}
    engines: {node: ^12.20.0 || ^14.13.1 || >=16.0.0}

  fdir@6.4.2:
    resolution: {integrity: sha512-KnhMXsKSPZlAhp7+IjUkRZKPb4fUyccpDrdFXbi4QL1qkmFh9kVY09Yox+n4MaOb3lHZ1Tv829C3oaaXoMYPDQ==}
    peerDependencies:
      picomatch: ^3 || ^4
    peerDependenciesMeta:
      picomatch:
        optional: true

  get-stdin@9.0.0:
    resolution: {integrity: sha512-dVKBjfWisLAicarI2Sf+JuBE/DghV4UzNAVe9yhEJuzeREd3JhOTE9cUaJTeSa77fsbQUK3pcOpJfM59+VKZaA==}
    engines: {node: '>=12'}

  git-hooks-list@3.1.0:
    resolution: {integrity: sha512-LF8VeHeR7v+wAbXqfgRlTSX/1BJR9Q1vEMR8JAz1cEg6GX07+zyj3sAdDvYjj/xnlIfVuGgj4qBei1K3hKH+PA==}

  is-plain-obj@4.1.0:
    resolution: {integrity: sha512-+Pgi+vMuUNkJyExiMBt5IlFoMyKnr5zhJ4Uspz58WOhBF5QoIZkFyNHIbBAtHwzVAgk5RtndVNsDRN61/mmDqg==}
    engines: {node: '>=12'}

  lefthook-darwin-arm64@1.9.0:
    resolution: {integrity: sha512-pClng2uWTqZ/FBC+YK0O4MlvphtMcw3xnYZYP4mOfM56gkSrMdsoG59AkBWB5zwxQymPiNFyO3H+JJbjvwmueA==}
    cpu: [arm64]
    os: [darwin]

  lefthook-darwin-x64@1.9.0:
    resolution: {integrity: sha512-PHQHJZHNadWhFan3Vvy24hMYMecR433t0NHODyBgILaZXOmoeMGcQYNHTmOb+R0148BKA/33l00m1CY14ZPqtw==}
    cpu: [x64]
    os: [darwin]

  lefthook-freebsd-arm64@1.9.0:
    resolution: {integrity: sha512-yuPJJJ3aDpMihqg1dfS75XgnzUYh+OqSZPmQp49s9RXKAWUCsBiDcirmrseDRbj3WVsatNGQldbV+5F5rNrxqw==}
    cpu: [arm64]
    os: [freebsd]

  lefthook-freebsd-x64@1.9.0:
    resolution: {integrity: sha512-7By8mNLsc+EFJJkmeuC8tmYO8+i9oLBqDSHqnlzSNMK8EF5DV9DTAyNIHIbn0OIcwcCe6xBfwLZimeSkKxMZKg==}
    cpu: [x64]
    os: [freebsd]

  lefthook-linux-arm64@1.9.0:
    resolution: {integrity: sha512-MYZD6j+ufryhENqjZe6POD3rT/0LFLfRtK4ddKKEqPGEy5wKpmXjt3ydfqTg6XAFzm6pyQO1zgwPuF40s5r3wQ==}
    cpu: [arm64]
    os: [linux]

  lefthook-linux-x64@1.9.0:
    resolution: {integrity: sha512-xKh5/Lhjn7oI9AmUhtcArS1Y6RjDcxn0KKXAKURhwwZNFI0HGlusIYAF9U86MDqSPbfvEv+nRpq2i6au6Xp6Aw==}
    cpu: [x64]
    os: [linux]

  lefthook-openbsd-arm64@1.9.0:
    resolution: {integrity: sha512-+3YNG0BVWO3CxBfO5GIDU31EWLZgfPU4M/NDqPekIBf8EUSiToXk9D4MNBAYnjjAfAezV/sdDeLm2Jg4l468UQ==}
    cpu: [arm64]
    os: [openbsd]

  lefthook-openbsd-x64@1.9.0:
    resolution: {integrity: sha512-7DGR8oAa5N4JJ1s0hpDJMQ7AUAT3bDNcTPCFw2keVlmg29qMdIL4RIEbVau/DZ8GvZhzoOE8ddtgUH07PeUjRw==}
    cpu: [x64]
    os: [openbsd]

  lefthook-windows-arm64@1.9.0:
    resolution: {integrity: sha512-t7LtUL3eDuprxomtuw74KBLXC+Clk1e/L+ofLy4Jw9t0FNPkFDouQv31IQ0HfS5d1aymNKjK/qbm+IOs1XZC6Q==}
    cpu: [arm64]
    os: [win32]

  lefthook-windows-x64@1.9.0:
    resolution: {integrity: sha512-q3L6tXUxicqiVbquyUIVuGlZo3fJ2y4HhgjINYVCRR+kdn+yqu5pR7Vre/I+LnWtm6V6CUmoV2rxx1fl/1lP1w==}
    cpu: [x64]
    os: [win32]

  lefthook@1.9.0:
    resolution: {integrity: sha512-JF2J4+IEsWpTL2NRWXqUzNu3Nf0pfxMd+Io3kXm6rTQ04jpwh06f37VB5lc5L76kgxpjiBiuFoRlPOAY2je3YA==}
    hasBin: true

  picomatch@4.0.2:
    resolution: {integrity: sha512-M7BAV6Rlcy5u+m6oPhAPFgJTzAioX/6B0DxyvDlo9l8+T3nLKbrczg2WLUyzd45L8RqfUMyGPzekbMvX2Ldkwg==}
    engines: {node: '>=12'}

  semver@7.6.3:
    resolution: {integrity: sha512-oVekP1cKtI+CTDvHWYFUcMtsK/00wmAEfyqKfNdARm8u1wNVhSgaX7A8d4UuIlUI5e84iEwOhs7ZPYRmzU9U6A==}
    engines: {node: '>=10'}
    hasBin: true

  sort-object-keys@1.1.3:
    resolution: {integrity: sha512-855pvK+VkU7PaKYPc+Jjnmt4EzejQHyhhF33q31qG8x7maDzkeFhAAThdCYay11CISO+qAMwjOBP+fPZe0IPyg==}

  sort-package-json@2.12.0:
    resolution: {integrity: sha512-/HrPQAeeLaa+vbAH/znjuhwUluuiM/zL5XX9kop8UpDgjtyWKt43hGDk2vd/TBdDpzIyzIHVUgmYofzYrAQjew==}
    hasBin: true

  tinyglobby@0.2.10:
    resolution: {integrity: sha512-Zc+8eJlFMvgatPZTl6A9L/yht8QqdmUNtURHaKZLmKBE12hNPSrqNkUp2cs3M/UKmNVVAMFQYSjYIVHDjW5zew==}
    engines: {node: '>=12.0.0'}

snapshots:

  '@biomejs/biome@1.9.4':
    optionalDependencies:
      '@biomejs/cli-darwin-arm64': 1.9.4
      '@biomejs/cli-darwin-x64': 1.9.4
      '@biomejs/cli-linux-arm64': 1.9.4
      '@biomejs/cli-linux-arm64-musl': 1.9.4
      '@biomejs/cli-linux-x64': 1.9.4
      '@biomejs/cli-linux-x64-musl': 1.9.4
      '@biomejs/cli-win32-arm64': 1.9.4
      '@biomejs/cli-win32-x64': 1.9.4

  '@biomejs/cli-darwin-arm64@1.9.4':
    optional: true

  '@biomejs/cli-darwin-x64@1.9.4':
    optional: true

  '@biomejs/cli-linux-arm64-musl@1.9.4':
    optional: true

  '@biomejs/cli-linux-arm64@1.9.4':
    optional: true

  '@biomejs/cli-linux-x64-musl@1.9.4':
    optional: true

  '@biomejs/cli-linux-x64@1.9.4':
    optional: true

  '@biomejs/cli-win32-arm64@1.9.4':
    optional: true

  '@biomejs/cli-win32-x64@1.9.4':
    optional: true

  detect-indent@7.0.1: {}

  detect-newline@4.0.1: {}

  fdir@6.4.2(picomatch@4.0.2):
    optionalDependencies:
      picomatch: 4.0.2

  get-stdin@9.0.0: {}

  git-hooks-list@3.1.0: {}

  is-plain-obj@4.1.0: {}

  lefthook-darwin-arm64@1.9.0:
    optional: true

  lefthook-darwin-x64@1.9.0:
    optional: true

  lefthook-freebsd-arm64@1.9.0:
    optional: true

  lefthook-freebsd-x64@1.9.0:
    optional: true

  lefthook-linux-arm64@1.9.0:
    optional: true

  lefthook-linux-x64@1.9.0:
    optional: true

  lefthook-openbsd-arm64@1.9.0:
    optional: true

  lefthook-openbsd-x64@1.9.0:
    optional: true

  lefthook-windows-arm64@1.9.0:
    optional: true

  lefthook-windows-x64@1.9.0:
    optional: true

  lefthook@1.9.0:
    optionalDependencies:
      lefthook-darwin-arm64: 1.9.0
      lefthook-darwin-x64: 1.9.0
      lefthook-freebsd-arm64: 1.9.0
      lefthook-freebsd-x64: 1.9.0
      lefthook-linux-arm64: 1.9.0
      lefthook-linux-x64: 1.9.0
      lefthook-openbsd-arm64: 1.9.0
      lefthook-openbsd-x64: 1.9.0
      lefthook-windows-arm64: 1.9.0
      lefthook-windows-x64: 1.9.0

  picomatch@4.0.2: {}

  semver@7.6.3: {}

  sort-object-keys@1.1.3: {}

  sort-package-json@2.12.0:
    dependencies:
      detect-indent: 7.0.1
      detect-newline: 4.0.1
      get-stdin: 9.0.0
      git-hooks-list: 3.1.0
      is-plain-obj: 4.1.0
      semver: 7.6.3
      sort-object-keys: 1.1.3
      tinyglobby: 0.2.10

  tinyglobby@0.2.10:
    dependencies:
      fdir: 6.4.2(picomatch@4.0.2)
      picomatch: 4.0.2
